PODS:
  - CryptoSwift (0.5.2)
  - Kanna (1.1.1)
  - MisterFusion (1.4.0)
  - URLEmbeddedView (0.4.1):
    - CryptoSwift (~> 0.2)
    - Kanna (~> 1.1.1)
    - MisterFusion (~> 1.4)

DEPENDENCIES:
  - URLEmbeddedView (from `../`)

EXTERNAL SOURCES:
  URLEmbeddedView:
    :path: ../

SPEC CHECKSUMS:
  CryptoSwift: c1ef79f901b86099a6fe8b3c7524cf9f3f3c8c40
  Kanna: 9d3118cff609bd21eb374be5be590b544941160f
  MisterFusion: ccb69d87569a4acaabda051d3c8db7ab4be2d5db
  URLEmbeddedView: f7e21061507c346e4c2710cdc0f11330e88f62f8

PODFILE CHECKSUM: f378f2974484f26d2a5f02cf2381cd1c782cd934

COCOAPODS: 1.0.1
